{
  "name": "k8w-extend-native",
  "version": "1.3.0",
  "lockfileVersion": 1,
  "requires": true,
  "dependencies": {
    "@types/mocha": {
      "version": "2.2.48",
      "resolved": "https://registry.npmjs.org/@types/mocha/-/mocha-2.2.48.tgz",
      "integrity": "sha512-nlK/iyETgafGli8Zh9zJVCTicvU3iajSkRwOh3Hhiva598CMqNJ4NcVCGMTGKpGpTYj/9R8RLzS9NAykSSCqGw==",
      "dev": true
    },
    "@types/node": {
      "version": "8.10.51",
      "resolved": "https://registry.npmjs.org/@types/node/-/node-8.10.51.tgz",
      "integrity": "sha512-cArrlJp3Yv6IyFT/DYe+rlO8o3SIHraALbBW/+CcCYW/a9QucpLI+n2p4sRxAvl2O35TiecpX2heSZtJjvEO+Q==",
      "dev": true
    },
    "k8w-linq-array": {
      "version": "0.2.7",
      "resolved": "https://registry.npmjs.org/k8w-linq-array/-/k8w-linq-array-0.2.7.tgz",
      "integrity": "sha512-E4hwi6c4lqC4b8zBkLK1IH/jOyLnc2lUDixG+DNAhjQmSWdL4KaXkwWmXmRztrxSPLbWPYU4qnmjgGHIZCC+YQ=="
    },
    "k8w-super-date": {
      "version": "0.1.2",
      "resolved": "https://registry.npmjs.org/k8w-super-date/-/k8w-super-date-0.1.2.tgz",
      "integrity": "sha512-tTmDQEMEviD78ToUFG24EJXkiSFE+rW4jlcPiyNRCvlxEiWNTpAgcRZtoN2z8BDWW/euiKjzq9Dqx96rnyorPg=="
    },
    "k8w-super-object": {
      "version": "0.2.1",
      "resolved": "https://registry.npmjs.org/k8w-super-object/-/k8w-super-object-0.2.1.tgz",
      "integrity": "sha512-c6BmMDSFJrxeSRePAl/rE7nosvSWahA1h9Dd0pbmTl74dgKtrSx3+N5qYWsPFOfwX5rmy+eFQsrrMlqCMpwuNQ=="
    }
  }
}
