# THIS IS AN AUTOGENERATED FILE. DO NOT EDIT THIS FILE DIRECTLY.
# yarn lockfile v1


"@types/mocha@^2.2.43":
  version "2.2.44"
  resolved "https://registry.yarnpkg.com/@types/mocha/-/mocha-2.2.44.tgz#1d4a798e53f35212fd5ad4d04050620171cd5b5e"

"@types/node@^8.0.34":
  version "8.0.50"
  resolved "https://registry.yarnpkg.com/@types/node/-/node-8.0.50.tgz#dc545448e128c88c4eec7cd64025fcc3b7604541"

k8w-linq-array@*:
  version "0.2.0"
  resolved "https://registry.yarnpkg.com/k8w-linq-array/-/k8w-linq-array-0.2.0.tgz#c4dbceb8354ed5c90accdf70e458e52dffd4286f"

k8w-super-date@*:
  version "0.1.2"
  resolved "https://registry.yarnpkg.com/k8w-super-date/-/k8w-super-date-0.1.2.tgz#bfd29a109027a8b041b97d11319bcc7e02fd65c5"

k8w-super-object@*:
  version "0.1.3"
  resolved "https://registry.yarnpkg.com/k8w-super-object/-/k8w-super-object-0.1.3.tgz#cbf3bc5ed736ea3af6b939da355bcd675c2d5101"
