# THIS IS AN AUTOGENERATED FILE. DO NOT EDIT THIS FILE DIRECTLY.
# yarn lockfile v1


"@types/mocha@^2.2.41":
  version "2.2.42"
  resolved "https://registry.yarnpkg.com/@types/mocha/-/mocha-2.2.42.tgz#ab769f51d37646b6fe8d4a086a98c285b1fab3f5"

"@types/node@^8.0.23":
  version "8.0.25"
  resolved "https://registry.yarnpkg.com/@types/node/-/node-8.0.25.tgz#66ecaf4df93f5281b48427ee96fbcdfc4f0cdce1"

k8w-linq-array@^0.1.1:
  version "0.1.1"
  resolved "https://registry.yarnpkg.com/k8w-linq-array/-/k8w-linq-array-0.1.1.tgz#5b13d8da672a8c05cefdedc3fc4008295889a8af"

k8w-super-date@^0.1.1:
  version "0.1.1"
  resolved "https://registry.yarnpkg.com/k8w-super-date/-/k8w-super-date-0.1.1.tgz#b0e1674459b389b885ff9548e158695d78d2432a"

k8w-super-object@^0.1.1:
  version "0.1.1"
  resolved "https://registry.yarnpkg.com/k8w-super-object/-/k8w-super-object-0.1.1.tgz#317cdd72aa4b3fc6acc2823805efba47e6c43047"
